
Microsoft Visual Studio Solution File, Format Version 12.00
# Visual Studio Version 17
VisualStudioVersion = 17.7.34202.233
MinimumVisualStudioVersion = 10.0.40219.1
Project("{9A19103F-16F7-4668-BE54-9A1E7A4F7556}") = "Entities", "Entities\Entities.csproj", "{27548B33-3E27-4A29-9C9B-0B8EA377AC97}"
EndProject
Project("{9A19103F-16F7-4668-BE54-9A1E7A4F7556}") = "DataAccess", "DataAccess\DataAccess.csproj", "{2362A1A5-F395-45A3-AD38-806E00772E02}"
EndProject
Project("{9A19103F-16F7-4668-BE54-9A1E7A4F7556}") = "Business", "Business\Business.csproj", "{454127EA-8987-4074-9A09-430EA448EF75}"
EndProject
Project("{9A19103F-16F7-4668-BE54-9A1E7A4F7556}") = "Core", "Core\Core.csproj", "{D02EDCCC-1FD3-4CD8-9EA8-38FE26283619}"
EndProject
Project("{FAE04EC0-301F-11D3-BF4B-00C04F79EFBC}") = "WebApi", "WebApi\WebApi.csproj", "{7192F285-6664-463E-AC24-A3586B47F554}"
EndProject
Global
	GlobalSection(SolutionConfigurationPlatforms) = preSolution
		Debug|Any CPU = Debug|Any CPU
		Release|Any CPU = Release|Any CPU
	EndGlobalSection
	GlobalSection(ProjectConfigurationPlatforms) = postSolution
		{27548B33-3E27-4A29-9C9B-0B8EA377AC97}.Debug|Any CPU.ActiveCfg = Debug|Any CPU
		{27548B33-3E27-4A29-9C9B-0B8EA377AC97}.Debug|Any CPU.Build.0 = Debug|Any CPU
		{27548B33-3E27-4A29-9C9B-0B8EA377AC97}.Release|Any CPU.ActiveCfg = Release|Any CPU
		{27548B33-3E27-4A29-9C9B-0B8EA377AC97}.Release|Any CPU.Build.0 = Release|Any CPU
		{2362A1A5-F395-45A3-AD38-806E00772E02}.Debug|Any CPU.ActiveCfg = Debug|Any CPU
		{2362A1A5-F395-45A3-AD38-806E00772E02}.Debug|Any CPU.Build.0 = Debug|Any CPU
		{2362A1A5-F395-45A3-AD38-806E00772E02}.Release|Any CPU.ActiveCfg = Release|Any CPU
		{2362A1A5-F395-45A3-AD38-806E00772E02}.Release|Any CPU.Build.0 = Release|Any CPU
		{454127EA-8987-4074-9A09-430EA448EF75}.Debug|Any CPU.ActiveCfg = Debug|Any CPU
		{454127EA-8987-4074-9A09-430EA448EF75}.Debug|Any CPU.Build.0 = Debug|Any CPU
		{454127EA-8987-4074-9A09-430EA448EF75}.Release|Any CPU.ActiveCfg = Release|Any CPU
		{454127EA-8987-4074-9A09-430EA448EF75}.Release|Any CPU.Build.0 = Release|Any CPU
		{D02EDCCC-1FD3-4CD8-9EA8-38FE26283619}.Debug|Any CPU.ActiveCfg = Debug|Any CPU
		{D02EDCCC-1FD3-4CD8-9EA8-38FE26283619}.Debug|Any CPU.Build.0 = Debug|Any CPU
		{D02EDCCC-1FD3-4CD8-9EA8-38FE26283619}.Release|Any CPU.ActiveCfg = Release|Any CPU
		{D02EDCCC-1FD3-4CD8-9EA8-38FE26283619}.Release|Any CPU.Build.0 = Release|Any CPU
		{7192F285-6664-463E-AC24-A3586B47F554}.Debug|Any CPU.ActiveCfg = Debug|Any CPU
		{7192F285-6664-463E-AC24-A3586B47F554}.Debug|Any CPU.Build.0 = Debug|Any CPU
		{7192F285-6664-463E-AC24-A3586B47F554}.Release|Any CPU.ActiveCfg = Release|Any CPU
		{7192F285-6664-463E-AC24-A3586B47F554}.Release|Any CPU.Build.0 = Release|Any CPU
	EndGlobalSection
	GlobalSection(SolutionProperties) = preSolution
		HideSolutionNode = FALSE
	EndGlobalSection
	GlobalSection(ExtensibilityGlobals) = postSolution
		SolutionGuid = {3DF69835-1DB8-454B-A8F7-40572BB0994F}
	EndGlobalSection
EndGlobal
